# THIS IS AN AUTOGENERATED FILE. DO NOT EDIT THIS FILE DIRECTLY.
# yarn lockfile v1


markdown-to-jsx@^7.0.1:
  version "7.0.1"
  resolved "https://registry.yarnpkg.com/markdown-to-jsx/-/markdown-to-jsx-7.0.1.tgz#7b3be496f30701f09e9308c4efabf0177ecd9251"
  integrity sha512-0agsmQtnoAzGt2fO8jgoFL5wvDUbpjoIfQffErQZmP66BxaWMBGifsAo0RRuye+2Ydlp7csX6X6HpF2xaL6J1w==
